// !$*UTF8*$!
{
	archiveVersion = 1;
	classes = {
	};
	objectVersion = 55;
	objects = {

/* Begin PBXBuildFile section */
		3B6474B9280648E400BE1342 /* CollectionViewHelpers.swift in Sources */ = {isa = PBXBuildFile; fileRef = 3B6474B8280648E400BE1342 /* CollectionViewHelpers.swift */; };
		3B6474BB28064B1000BE1342 /* FoodProtocols.swift in Sources */ = {isa = PBXBuildFile; fileRef = 3B6474BA28064B1000BE1342 /* FoodProtocols.swift */; };
		3B7EBF6E28038FE300F4581E /* FoodViewModel.swift in Sources */ = {isa = PBXBuildFile; fileRef = 3B7EBF6D28038FE300F4581E /* FoodViewModel.swift */; };
		3B7EBF7128039C0800F4581E /* FoodViewControllerTests.swift in Sources */ = {isa = PBXBuildFile; fileRef = 3B7EBF7028039C0800F4581E /* FoodViewControllerTests.swift */; };
		3B7EBF7E2803A2F700F4581E /* EmptyCollectionViewCell.swift in Sources */ = {isa = PBXBuildFile; fileRef = 3B7EBF7C2803A2F700F4581E /* EmptyCollectionViewCell.swift */; };
		3B7EBF7F2803A2F700F4581E /* EmptyCollectionViewCell.xib in Resources */ = {isa = PBXBuildFile; fileRef = 3B7EBF7D2803A2F700F4581E /* EmptyCollectionViewCell.xib */; };
		3B9DF6CC27FE680B00979E99 /* LoginViewController.swift in Sources */ = {isa = PBXBuildFile; fileRef = 3B9DF6CA27FE680B00979E99 /* LoginViewController.swift */; };
		3B9DF6CD27FE680B00979E99 /* LoginViewController.xib in Resources */ = {isa = PBXBuildFile; fileRef = 3B9DF6CB27FE680B00979E99 /* LoginViewController.xib */; };
		3BA4901A2800FA0B0021A4E9 /* LoginViewControllerTests.swift in Sources */ = {isa = PBXBuildFile; fileRef = 3BA490192800FA0B0021A4E9 /* LoginViewControllerTests.swift */; };
		3BA4901E2800FBE70021A4E9 /* LoginProtocols.swift in Sources */ = {isa = PBXBuildFile; fileRef = 3BA4901D2800FBE70021A4E9 /* LoginProtocols.swift */; };
		3BA490202800FEED0021A4E9 /* User.swift in Sources */ = {isa = PBXBuildFile; fileRef = 3BA4901F2800FEED0021A4E9 /* User.swift */; };
		3BB3A3A02813195500501A67 /* Coordinator.swift in Sources */ = {isa = PBXBuildFile; fileRef = 3BB3A39F2813195500501A67 /* Coordinator.swift */; };
		3BB3A3A2281319F700501A67 /* FoodCoordinator.swift in Sources */ = {isa = PBXBuildFile; fileRef = 3BB3A3A1281319F700501A67 /* FoodCoordinator.swift */; };
		3BB3A3A528131B4E00501A67 /* FoodTabBarCoordinator.swift in Sources */ = {isa = PBXBuildFile; fileRef = 3BB3A3A428131B4E00501A67 /* FoodTabBarCoordinator.swift */; };
		3BB3A3AC281349E800501A67 /* FoodTabBarEnums.swift in Sources */ = {isa = PBXBuildFile; fileRef = 3BB3A3AB281349E800501A67 /* FoodTabBarEnums.swift */; };
		3BB3A3AF28138CD700501A67 /* FoodTabBarProtocols.swift in Sources */ = {isa = PBXBuildFile; fileRef = 3BB3A3AE28138CD700501A67 /* FoodTabBarProtocols.swift */; };
		3BB3A3B2281479A300501A67 /* AppCoordinatorTests.swift in Sources */ = {isa = PBXBuildFile; fileRef = 3BB3A3B1281479A300501A67 /* AppCoordinatorTests.swift */; };
		3BB3A3B5281481AB00501A67 /* NavigationControllerHelper.swift in Sources */ = {isa = PBXBuildFile; fileRef = 3BB3A3B4281481AB00501A67 /* NavigationControllerHelper.swift */; };
		3BB3A3B7281481FD00501A67 /* FoodTabBarCoordinatorTests.swift in Sources */ = {isa = PBXBuildFile; fileRef = 3BB3A3B6281481FD00501A67 /* FoodTabBarCoordinatorTests.swift */; };
		3BBDF5C727FBA50C0090DD54 /* AppDelegate.swift in Sources */ = {isa = PBXBuildFile; fileRef = 3BBDF5C627FBA50C0090DD54 /* AppDelegate.swift */; };
		3BBDF5C927FBA50C0090DD54 /* SceneDelegate.swift in Sources */ = {isa = PBXBuildFile; fileRef = 3BBDF5C827FBA50C0090DD54 /* SceneDelegate.swift */; };
		3BBDF5D127FBA50C0090DD54 /* RecipeApp.xcdatamodeld in Sources */ = {isa = PBXBuildFile; fileRef = 3BBDF5CF27FBA50C0090DD54 /* RecipeApp.xcdatamodeld */; };
		3BBDF5D327FBA50F0090DD54 /* Assets.xcassets in Resources */ = {isa = PBXBuildFile; fileRef = 3BBDF5D227FBA50F0090DD54 /* Assets.xcassets */; };
		3BBDF5D627FBA50F0090DD54 /* LaunchScreen.storyboard in Resources */ = {isa = PBXBuildFile; fileRef = 3BBDF5D427FBA50F0090DD54 /* LaunchScreen.storyboard */; };
		3BCF370E280E3A320046F73B /* AppCoordinator.swift in Sources */ = {isa = PBXBuildFile; fileRef = 3BCF370D280E3A320046F73B /* AppCoordinator.swift */; };
		3BE4FB292804F89D00A3F01F /* FoodCollectionViewCell.swift in Sources */ = {isa = PBXBuildFile; fileRef = 3BE4FB272804F89D00A3F01F /* FoodCollectionViewCell.swift */; };
		3BE4FB2A2804F89D00A3F01F /* FoodCollectionViewCell.xib in Resources */ = {isa = PBXBuildFile; fileRef = 3BE4FB282804F89D00A3F01F /* FoodCollectionViewCell.xib */; };
		3BF5BE392803067600A6D205 /* LoginViewModel.swift in Sources */ = {isa = PBXBuildFile; fileRef = 3BF5BE382803067600A6D205 /* LoginViewModel.swift */; };
		3BF5BE4128030D2B00A6D205 /* FoodTabBarControllerTests.swift in Sources */ = {isa = PBXBuildFile; fileRef = 3BF5BE4028030D2B00A6D205 /* FoodTabBarControllerTests.swift */; };
		3BF5BE442803178E00A6D205 /* FoodTabBarController.swift in Sources */ = {isa = PBXBuildFile; fileRef = 3BF5BE422803178E00A6D205 /* FoodTabBarController.swift */; };
		3BF5BE48280319AE00A6D205 /* FoodViewController.swift in Sources */ = {isa = PBXBuildFile; fileRef = 3BF5BE46280319AE00A6D205 /* FoodViewController.swift */; };
		3BF5BE49280319AE00A6D205 /* FoodViewController.xib in Resources */ = {isa = PBXBuildFile; fileRef = 3BF5BE47280319AE00A6D205 /* FoodViewController.xib */; };
		94A04E01116CEABB53014507 /* libPods-RecipeApp.a in Frameworks */ = {isa = PBXBuildFile; fileRef = 29DFD6F6D560747CE4CA9689 /* libPods-RecipeApp.a */; };
		E653A206D1805F6E20F4897D /* libPods-RecipeAppTests.a in Frameworks */ = {isa = PBXBuildFile; fileRef = DC4E26C2659115A227FC3511 /* libPods-RecipeAppTests.a */; };
/* End PBXBuildFile section */

/* Begin PBXContainerItemProxy section */
		3BBDF5DD27FBA50F0090DD54 /* PBXContainerItemProxy */ = {
			isa = PBXContainerItemProxy;
			containerPortal = 3BBDF5BB27FBA50C0090DD54 /* Project object */;
			proxyType = 1;
			remoteGlobalIDString = 3BBDF5C227FBA50C0090DD54;
			remoteInfo = RecipeApp;
		};
/* End PBXContainerItemProxy section */

/* Begin PBXFileReference section */
		29DFD6F6D560747CE4CA9689 /* libPods-RecipeApp.a */ = {isa = PBXFileReference; explicitFileType = archive.ar; includeInIndex = 0; path = "libPods-RecipeApp.a"; sourceTree = BUILT_PRODUCTS_DIR; };
		3B6474B8280648E400BE1342 /* CollectionViewHelpers.swift */ = {isa = PBXFileReference; lastKnownFileType = sourcecode.swift; path = CollectionViewHelpers.swift; sourceTree = "<group>"; };
		3B6474BA28064B1000BE1342 /* FoodProtocols.swift */ = {isa = PBXFileReference; lastKnownFileType = sourcecode.swift; path = FoodProtocols.swift; sourceTree = "<group>"; };
		3B7EBF6D28038FE300F4581E /* FoodViewModel.swift */ = {isa = PBXFileReference; lastKnownFileType = sourcecode.swift; path = FoodViewModel.swift; sourceTree = "<group>"; };
		3B7EBF7028039C0800F4581E /* FoodViewControllerTests.swift */ = {isa = PBXFileReference; lastKnownFileType = sourcecode.swift; path = FoodViewControllerTests.swift; sourceTree = "<group>"; };
		3B7EBF7C2803A2F700F4581E /* EmptyCollectionViewCell.swift */ = {isa = PBXFileReference; lastKnownFileType = sourcecode.swift; path = EmptyCollectionViewCell.swift; sourceTree = "<group>"; };
		3B7EBF7D2803A2F700F4581E /* EmptyCollectionViewCell.xib */ = {isa = PBXFileReference; lastKnownFileType = file.xib; path = EmptyCollectionViewCell.xib; sourceTree = "<group>"; };
		3B9DF6CA27FE680B00979E99 /* LoginViewController.swift */ = {isa = PBXFileReference; lastKnownFileType = sourcecode.swift; path = LoginViewController.swift; sourceTree = "<group>"; };
		3B9DF6CB27FE680B00979E99 /* LoginViewController.xib */ = {isa = PBXFileReference; lastKnownFileType = file.xib; path = LoginViewController.xib; sourceTree = "<group>"; };
		3BA490192800FA0B0021A4E9 /* LoginViewControllerTests.swift */ = {isa = PBXFileReference; lastKnownFileType = sourcecode.swift; path = LoginViewControllerTests.swift; sourceTree = "<group>"; };
		3BA4901D2800FBE70021A4E9 /* LoginProtocols.swift */ = {isa = PBXFileReference; lastKnownFileType = sourcecode.swift; path = LoginProtocols.swift; sourceTree = "<group>"; };
		3BA4901F2800FEED0021A4E9 /* User.swift */ = {isa = PBXFileReference; lastKnownFileType = sourcecode.swift; path = User.swift; sourceTree = "<group>"; };
		3BB3A39F2813195500501A67 /* Coordinator.swift */ = {isa = PBXFileReference; lastKnownFileType = sourcecode.swift; path = Coordinator.swift; sourceTree = "<group>"; };
		3BB3A3A1281319F700501A67 /* FoodCoordinator.swift */ = {isa = PBXFileReference; lastKnownFileType = sourcecode.swift; path = FoodCoordinator.swift; sourceTree = "<group>"; };
		3BB3A3A428131B4E00501A67 /* FoodTabBarCoordinator.swift */ = {isa = PBXFileReference; lastKnownFileType = sourcecode.swift; path = FoodTabBarCoordinator.swift; sourceTree = "<group>"; };
		3BB3A3AB281349E800501A67 /* FoodTabBarEnums.swift */ = {isa = PBXFileReference; lastKnownFileType = sourcecode.swift; path = FoodTabBarEnums.swift; sourceTree = "<group>"; };
		3BB3A3AE28138CD700501A67 /* FoodTabBarProtocols.swift */ = {isa = PBXFileReference; lastKnownFileType = sourcecode.swift; name = FoodTabBarProtocols.swift; path = ../../../../../../../../FoodTabBarProtocols.swift; sourceTree = "<group>"; };
		3BB3A3B1281479A300501A67 /* AppCoordinatorTests.swift */ = {isa = PBXFileReference; lastKnownFileType = sourcecode.swift; path = AppCoordinatorTests.swift; sourceTree = "<group>"; };
		3BB3A3B4281481AB00501A67 /* NavigationControllerHelper.swift */ = {isa = PBXFileReference; lastKnownFileType = sourcecode.swift; path = NavigationControllerHelper.swift; sourceTree = "<group>"; };
		3BB3A3B6281481FD00501A67 /* FoodTabBarCoordinatorTests.swift */ = {isa = PBXFileReference; lastKnownFileType = sourcecode.swift; path = FoodTabBarCoordinatorTests.swift; sourceTree = "<group>"; };
		3BBDF5C327FBA50C0090DD54 /* RecipeApp.app */ = {isa = PBXFileReference; explicitFileType = wrapper.application; includeInIndex = 0; path = RecipeApp.app; sourceTree = BUILT_PRODUCTS_DIR; };
		3BBDF5C627FBA50C0090DD54 /* AppDelegate.swift */ = {isa = PBXFileReference; lastKnownFileType = sourcecode.swift; path = AppDelegate.swift; sourceTree = "<group>"; };
		3BBDF5C827FBA50C0090DD54 /* SceneDelegate.swift */ = {isa = PBXFileReference; lastKnownFileType = sourcecode.swift; path = SceneDelegate.swift; sourceTree = "<group>"; };
		3BBDF5D027FBA50C0090DD54 /* RecipeApp.xcdatamodel */ = {isa = PBXFileReference; lastKnownFileType = wrapper.xcdatamodel; path = RecipeApp.xcdatamodel; sourceTree = "<group>"; };
		3BBDF5D227FBA50F0090DD54 /* Assets.xcassets */ = {isa = PBXFileReference; lastKnownFileType = folder.assetcatalog; path = Assets.xcassets; sourceTree = "<group>"; };
		3BBDF5D527FBA50F0090DD54 /* Base */ = {isa = PBXFileReference; lastKnownFileType = file.storyboard; name = Base; path = Base.lproj/LaunchScreen.storyboard; sourceTree = "<group>"; };
		3BBDF5D727FBA50F0090DD54 /* Info.plist */ = {isa = PBXFileReference; lastKnownFileType = text.plist.xml; path = Info.plist; sourceTree = "<group>"; };
		3BBDF5DC27FBA50F0090DD54 /* RecipeAppTests.xctest */ = {isa = PBXFileReference; explicitFileType = wrapper.cfbundle; includeInIndex = 0; path = RecipeAppTests.xctest; sourceTree = BUILT_PRODUCTS_DIR; };
		3BCF370D280E3A320046F73B /* AppCoordinator.swift */ = {isa = PBXFileReference; lastKnownFileType = sourcecode.swift; path = AppCoordinator.swift; sourceTree = "<group>"; };
		3BE4FB272804F89D00A3F01F /* FoodCollectionViewCell.swift */ = {isa = PBXFileReference; lastKnownFileType = sourcecode.swift; path = FoodCollectionViewCell.swift; sourceTree = "<group>"; };
		3BE4FB282804F89D00A3F01F /* FoodCollectionViewCell.xib */ = {isa = PBXFileReference; lastKnownFileType = file.xib; path = FoodCollectionViewCell.xib; sourceTree = "<group>"; };
		3BF5BE382803067600A6D205 /* LoginViewModel.swift */ = {isa = PBXFileReference; lastKnownFileType = sourcecode.swift; path = LoginViewModel.swift; sourceTree = "<group>"; };
		3BF5BE4028030D2B00A6D205 /* FoodTabBarControllerTests.swift */ = {isa = PBXFileReference; lastKnownFileType = sourcecode.swift; path = FoodTabBarControllerTests.swift; sourceTree = "<group>"; };
		3BF5BE422803178E00A6D205 /* FoodTabBarController.swift */ = {isa = PBXFileReference; lastKnownFileType = sourcecode.swift; path = FoodTabBarController.swift; sourceTree = "<group>"; };
		3BF5BE46280319AE00A6D205 /* FoodViewController.swift */ = {isa = PBXFileReference; lastKnownFileType = sourcecode.swift; path = FoodViewController.swift; sourceTree = "<group>"; };
		3BF5BE47280319AE00A6D205 /* FoodViewController.xib */ = {isa = PBXFileReference; lastKnownFileType = file.xib; path = FoodViewController.xib; sourceTree = "<group>"; };
		567D9C77BC8C684DDF8AF409 /* Pods-RecipeAppTests.release.xcconfig */ = {isa = PBXFileReference; includeInIndex = 1; lastKnownFileType = text.xcconfig; name = "Pods-RecipeAppTests.release.xcconfig"; path = "Target Support Files/Pods-RecipeAppTests/Pods-RecipeAppTests.release.xcconfig"; sourceTree = "<group>"; };
		5F2540CC5E5764E2B65C2E42 /* Pods-RecipeAppTests.debug.xcconfig */ = {isa = PBXFileReference; includeInIndex = 1; lastKnownFileType = text.xcconfig; name = "Pods-RecipeAppTests.debug.xcconfig"; path = "Target Support Files/Pods-RecipeAppTests/Pods-RecipeAppTests.debug.xcconfig"; sourceTree = "<group>"; };
		63BA039C168C5E30CDE08DA4 /* Pods-RecipeApp.debug.xcconfig */ = {isa = PBXFileReference; includeInIndex = 1; lastKnownFileType = text.xcconfig; name = "Pods-RecipeApp.debug.xcconfig"; path = "Target Support Files/Pods-RecipeApp/Pods-RecipeApp.debug.xcconfig"; sourceTree = "<group>"; };
		97CC3330DDD9B03EB58DCEA3 /* Pods-RecipeApp.release.xcconfig */ = {isa = PBXFileReference; includeInIndex = 1; lastKnownFileType = text.xcconfig; name = "Pods-RecipeApp.release.xcconfig"; path = "Target Support Files/Pods-RecipeApp/Pods-RecipeApp.release.xcconfig"; sourceTree = "<group>"; };
		DC4E26C2659115A227FC3511 /* libPods-RecipeAppTests.a */ = {isa = PBXFileReference; explicitFileType = archive.ar; includeInIndex = 0; path = "libPods-RecipeAppTests.a"; sourceTree = BUILT_PRODUCTS_DIR; };
/* End PBXFileReference section */

/* Begin PBXFrameworksBuildPhase section */
		3BBDF5C027FBA50C0090DD54 /* Frameworks */ = {
			isa = PBXFrameworksBuildPhase;
			buildActionMask = 2147483647;
			files = (
				94A04E01116CEABB53014507 /* libPods-RecipeApp.a in Frameworks */,
			);
			runOnlyForDeploymentPostprocessing = 0;
		};
		3BBDF5D927FBA50F0090DD54 /* Frameworks */ = {
			isa = PBXFrameworksBuildPhase;
			buildActionMask = 2147483647;
			files = (
				E653A206D1805F6E20F4897D /* libPods-RecipeAppTests.a in Frameworks */,
			);
			runOnlyForDeploymentPostprocessing = 0;
		};
/* End PBXFrameworksBuildPhase section */

/* Begin PBXGroup section */
		3B6474B52806439900BE1342 /* FoodTabBar */ = {
			isa = PBXGroup;
			children = (
				3BB3A3B6281481FD00501A67 /* FoodTabBarCoordinatorTests.swift */,
				3B6474B6280643AA00BE1342 /* Views */,
			);
			path = FoodTabBar;
			sourceTree = "<group>";
		};
		3B6474B6280643AA00BE1342 /* Views */ = {
			isa = PBXGroup;
			children = (
				3BF5BE4028030D2B00A6D205 /* FoodTabBarControllerTests.swift */,
			);
			path = Views;
			sourceTree = "<group>";
		};
		3B7EBF6F28039BEB00F4581E /* View */ = {
			isa = PBXGroup;
			children = (
				3B7EBF7028039C0800F4581E /* FoodViewControllerTests.swift */,
			);
			path = View;
			sourceTree = "<group>";
		};
		3B7EBF7228039C6600F4581E /* Cells */ = {
			isa = PBXGroup;
			children = (
				3B7EBF7C2803A2F700F4581E /* EmptyCollectionViewCell.swift */,
				3B7EBF7D2803A2F700F4581E /* EmptyCollectionViewCell.xib */,
				3BE4FB272804F89D00A3F01F /* FoodCollectionViewCell.swift */,
				3BE4FB282804F89D00A3F01F /* FoodCollectionViewCell.xib */,
			);
			path = Cells;
			sourceTree = "<group>";
		};
		3B7EBF7B28039F6D00F4581E /* Views */ = {
			isa = PBXGroup;
			children = (
				3BF5BE422803178E00A6D205 /* FoodTabBarController.swift */,
			);
			path = Views;
			sourceTree = "<group>";
		};
		3B9DF6C527FE61CA00979E99 /* Login */ = {
			isa = PBXGroup;
			children = (
				3BA4901C2800FBBB0021A4E9 /* Protocols */,
				3B9DF6C927FE67BC00979E99 /* Model */,
				3B9DF6C827FE67B000979E99 /* ViewModel */,
				3B9DF6C727FE67A800979E99 /* View */,
			);
			path = Login;
			sourceTree = "<group>";
		};
		3B9DF6C627FE61D500979E99 /* Commons */ = {
			isa = PBXGroup;
			children = (
				3BB3A39E2813194400501A67 /* Protocols */,
			);
			path = Commons;
			sourceTree = "<group>";
		};
		3B9DF6C727FE67A800979E99 /* View */ = {
			isa = PBXGroup;
			children = (
				3B9DF6CA27FE680B00979E99 /* LoginViewController.swift */,
				3B9DF6CB27FE680B00979E99 /* LoginViewController.xib */,
			);
			path = View;
			sourceTree = "<group>";
		};
		3B9DF6C827FE67B000979E99 /* ViewModel */ = {
			isa = PBXGroup;
			children = (
				3BF5BE382803067600A6D205 /* LoginViewModel.swift */,
			);
			path = ViewModel;
			sourceTree = "<group>";
		};
		3B9DF6C927FE67BC00979E99 /* Model */ = {
			isa = PBXGroup;
			children = (
				3BA4901F2800FEED0021A4E9 /* User.swift */,
			);
			path = Model;
			sourceTree = "<group>";
		};
		3BA490182800F9EA0021A4E9 /* Login */ = {
			isa = PBXGroup;
			children = (
				3BB3A39D28108A8400501A67 /* View */,
			);
			path = Login;
			sourceTree = "<group>";
		};
		3BA4901C2800FBBB0021A4E9 /* Protocols */ = {
			isa = PBXGroup;
			children = (
				3BA4901D2800FBE70021A4E9 /* LoginProtocols.swift */,
			);
			path = Protocols;
			sourceTree = "<group>";
		};
		3BB3A39D28108A8400501A67 /* View */ = {
			isa = PBXGroup;
			children = (
				3BA490192800FA0B0021A4E9 /* LoginViewControllerTests.swift */,
			);
			path = View;
			sourceTree = "<group>";
		};
		3BB3A39E2813194400501A67 /* Protocols */ = {
			isa = PBXGroup;
			children = (
				3BB3A39F2813195500501A67 /* Coordinator.swift */,
			);
			path = Protocols;
			sourceTree = "<group>";
		};
		3BB3A3A328131A8B00501A67 /* FoodTabBar */ = {
			isa = PBXGroup;
			children = (
				3BB3A3AD28138CAA00501A67 /* Protocols */,
				3BB3A3AA281349D100501A67 /* Enums */,
				3BB3A3A428131B4E00501A67 /* FoodTabBarCoordinator.swift */,
				3B7EBF7B28039F6D00F4581E /* Views */,
			);
			path = FoodTabBar;
			sourceTree = "<group>";
		};
		3BB3A3AA281349D100501A67 /* Enums */ = {
			isa = PBXGroup;
			children = (
				3BB3A3AB281349E800501A67 /* FoodTabBarEnums.swift */,
			);
			path = Enums;
			sourceTree = "<group>";
		};
		3BB3A3AD28138CAA00501A67 /* Protocols */ = {
			isa = PBXGroup;
			children = (
				3BB3A3AE28138CD700501A67 /* FoodTabBarProtocols.swift */,
			);
			path = Protocols;
			sourceTree = "<group>";
		};
		3BB3A3B02814798D00501A67 /* Application */ = {
			isa = PBXGroup;
			children = (
				3BB3A3B1281479A300501A67 /* AppCoordinatorTests.swift */,
			);
			path = Application;
			sourceTree = "<group>";
		};
		3BB3A3B32814814000501A67 /* Helpers */ = {
			isa = PBXGroup;
			children = (
				3BB3A3B4281481AB00501A67 /* NavigationControllerHelper.swift */,
			);
			path = Helpers;
			sourceTree = "<group>";
		};
		3BBDF5BA27FBA50C0090DD54 = {
			isa = PBXGroup;
			children = (
				3BBDF5C527FBA50C0090DD54 /* RecipeApp */,
				3BBDF5DF27FBA50F0090DD54 /* RecipeAppTests */,
				3BBDF5C427FBA50C0090DD54 /* Products */,
				5BA1338CF824AE554C2A537B /* Pods */,
				7F3F0C7A32506616BCF744AA /* Frameworks */,
			);
			sourceTree = "<group>";
		};
		3BBDF5C427FBA50C0090DD54 /* Products */ = {
			isa = PBXGroup;
			children = (
				3BBDF5C327FBA50C0090DD54 /* RecipeApp.app */,
				3BBDF5DC27FBA50F0090DD54 /* RecipeAppTests.xctest */,
			);
			name = Products;
			sourceTree = "<group>";
		};
		3BBDF5C527FBA50C0090DD54 /* RecipeApp */ = {
			isa = PBXGroup;
			children = (
				3BBDF5F927FBA5220090DD54 /* Application */,
				3BE4FB2B2804FB8800A3F01F /* Helpers */,
				3B9DF6C627FE61D500979E99 /* Commons */,
				3BF5BE3A28030BA400A6D205 /* Food */,
				3BB3A3A328131A8B00501A67 /* FoodTabBar */,
				3B9DF6C527FE61CA00979E99 /* Login */,
				3BF5BE3B28030BCD00A6D205 /* Services */,
				3BBDF5D227FBA50F0090DD54 /* Assets.xcassets */,
				3BBDF5CF27FBA50C0090DD54 /* RecipeApp.xcdatamodeld */,
				3BBDF5D727FBA50F0090DD54 /* Info.plist */,
			);
			path = RecipeApp;
			sourceTree = "<group>";
		};
		3BBDF5DF27FBA50F0090DD54 /* RecipeAppTests */ = {
			isa = PBXGroup;
			children = (
				3BB3A3B02814798D00501A67 /* Application */,
				3BF5BE3F28030CFE00A6D205 /* Food */,
				3B6474B52806439900BE1342 /* FoodTabBar */,
				3BB3A3B32814814000501A67 /* Helpers */,
				3BA490182800F9EA0021A4E9 /* Login */,
			);
			path = RecipeAppTests;
			sourceTree = "<group>";
		};
		3BBDF5F927FBA5220090DD54 /* Application */ = {
			isa = PBXGroup;
			children = (
				3BBDF5C627FBA50C0090DD54 /* AppDelegate.swift */,
				3BCF370D280E3A320046F73B /* AppCoordinator.swift */,
				3BBDF5C827FBA50C0090DD54 /* SceneDelegate.swift */,
				3BBDF5D427FBA50F0090DD54 /* LaunchScreen.storyboard */,
			);
			path = Application;
			sourceTree = "<group>";
		};
		3BE4FB2B2804FB8800A3F01F /* Helpers */ = {
			isa = PBXGroup;
			children = (
				3B6474B8280648E400BE1342 /* CollectionViewHelpers.swift */,
			);
			path = Helpers;
			sourceTree = "<group>";
		};
		3BF5BE3A28030BA400A6D205 /* Food */ = {
			isa = PBXGroup;
			children = (
				3BB3A3A1281319F700501A67 /* FoodCoordinator.swift */,
				3BF5BE3E28030BFA00A6D205 /* Protocols */,
				3BF5BE3D28030BEF00A6D205 /* ViewModel */,
				3BF5BE3C28030BE600A6D205 /* View */,
			);
			path = Food;
			sourceTree = "<group>";
		};
		3BF5BE3B28030BCD00A6D205 /* Services */ = {
			isa = PBXGroup;
			children = (
			);
			path = Services;
			sourceTree = "<group>";
		};
		3BF5BE3C28030BE600A6D205 /* View */ = {
			isa = PBXGroup;
			children = (
				3B7EBF7228039C6600F4581E /* Cells */,
				3BF5BE46280319AE00A6D205 /* FoodViewController.swift */,
				3BF5BE47280319AE00A6D205 /* FoodViewController.xib */,
			);
			path = View;
			sourceTree = "<group>";
		};
		3BF5BE3D28030BEF00A6D205 /* ViewModel */ = {
			isa = PBXGroup;
			children = (
				3B7EBF6D28038FE300F4581E /* FoodViewModel.swift */,
			);
			path = ViewModel;
			sourceTree = "<group>";
		};
		3BF5BE3E28030BFA00A6D205 /* Protocols */ = {
			isa = PBXGroup;
			children = (
				3B6474BA28064B1000BE1342 /* FoodProtocols.swift */,
			);
			path = Protocols;
			sourceTree = "<group>";
		};
		3BF5BE3F28030CFE00A6D205 /* Food */ = {
			isa = PBXGroup;
			children = (
				3B7EBF6F28039BEB00F4581E /* View */,
			);
			path = Food;
			sourceTree = "<group>";
		};
		5BA1338CF824AE554C2A537B /* Pods */ = {
			isa = PBXGroup;
			children = (
				63BA039C168C5E30CDE08DA4 /* Pods-RecipeApp.debug.xcconfig */,
				97CC3330DDD9B03EB58DCEA3 /* Pods-RecipeApp.release.xcconfig */,
				5F2540CC5E5764E2B65C2E42 /* Pods-RecipeAppTests.debug.xcconfig */,
				567D9C77BC8C684DDF8AF409 /* Pods-RecipeAppTests.release.xcconfig */,
			);
			path = Pods;
			sourceTree = "<group>";
		};
		7F3F0C7A32506616BCF744AA /* Frameworks */ = {
			isa = PBXGroup;
			children = (
				29DFD6F6D560747CE4CA9689 /* libPods-RecipeApp.a */,
				DC4E26C2659115A227FC3511 /* libPods-RecipeAppTests.a */,
			);
			name = Frameworks;
			sourceTree = "<group>";
		};
/* End PBXGroup section */

/* Begin PBXNativeTarget section */
		3BBDF5C227FBA50C0090DD54 /* RecipeApp */ = {
			isa = PBXNativeTarget;
			buildConfigurationList = 3BBDF5F027FBA50F0090DD54 /* Build configuration list for PBXNativeTarget "RecipeApp" */;
			buildPhases = (
				311B102C2FD325171F01555C /* [CP] Check Pods Manifest.lock */,
				3BBDF5BF27FBA50C0090DD54 /* Sources */,
				3BBDF5C027FBA50C0090DD54 /* Frameworks */,
				3BBDF5C127FBA50C0090DD54 /* Resources */,
				3BCF370C280E31080046F73B /* SwiftLint */,
			);
			buildRules = (
			);
			dependencies = (
			);
			name = RecipeApp;
			productName = RecipeApp;
			productReference = 3BBDF5C327FBA50C0090DD54 /* RecipeApp.app */;
			productType = "com.apple.product-type.application";
		};
		3BBDF5DB27FBA50F0090DD54 /* RecipeAppTests */ = {
			isa = PBXNativeTarget;
			buildConfigurationList = 3BBDF5F327FBA50F0090DD54 /* Build configuration list for PBXNativeTarget "RecipeAppTests" */;
			buildPhases = (
				F5CE41285B9E0ED0B8981839 /* [CP] Check Pods Manifest.lock */,
				3BBDF5D827FBA50F0090DD54 /* Sources */,
				3BBDF5D927FBA50F0090DD54 /* Frameworks */,
				3BBDF5DA27FBA50F0090DD54 /* Resources */,
			);
			buildRules = (
			);
			dependencies = (
				3BBDF5DE27FBA50F0090DD54 /* PBXTargetDependency */,
			);
			name = RecipeAppTests;
			productName = RecipeAppTests;
			productReference = 3BBDF5DC27FBA50F0090DD54 /* RecipeAppTests.xctest */;
			productType = "com.apple.product-type.bundle.unit-test";
		};
/* End PBXNativeTarget section */

/* Begin PBXProject section */
		3BBDF5BB27FBA50C0090DD54 /* Project object */ = {
			isa = PBXProject;
			attributes = {
				BuildIndependentTargetsInParallel = 1;
				LastSwiftUpdateCheck = 1310;
				LastUpgradeCheck = 1310;
				TargetAttributes = {
					3BBDF5C227FBA50C0090DD54 = {
						CreatedOnToolsVersion = 13.1;
					};
					3BBDF5DB27FBA50F0090DD54 = {
						CreatedOnToolsVersion = 13.1;
						TestTargetID = 3BBDF5C227FBA50C0090DD54;
					};
				};
			};
			buildConfigurationList = 3BBDF5BE27FBA50C0090DD54 /* Build configuration list for PBXProject "RecipeApp" */;
			compatibilityVersion = "Xcode 13.0";
			developmentRegion = en;
			hasScannedForEncodings = 0;
			knownRegions = (
				en,
				Base,
			);
			mainGroup = 3BBDF5BA27FBA50C0090DD54;
			productRefGroup = 3BBDF5C427FBA50C0090DD54 /* Products */;
			projectDirPath = "";
			projectRoot = "";
			targets = (
				3BBDF5C227FBA50C0090DD54 /* RecipeApp */,
				3BBDF5DB27FBA50F0090DD54 /* RecipeAppTests */,
			);
		};
/* End PBXProject section */

/* Begin PBXResourcesBuildPhase section */
		3BBDF5C127FBA50C0090DD54 /* Resources */ = {
			isa = PBXResourcesBuildPhase;
			buildActionMask = 2147483647;
			files = (
				3B7EBF7F2803A2F700F4581E /* EmptyCollectionViewCell.xib in Resources */,
				3BBDF5D627FBA50F0090DD54 /* LaunchScreen.storyboard in Resources */,
				3BE4FB2A2804F89D00A3F01F /* FoodCollectionViewCell.xib in Resources */,
				3BF5BE49280319AE00A6D205 /* FoodViewController.xib in Resources */,
				3BBDF5D327FBA50F0090DD54 /* Assets.xcassets in Resources */,
				3B9DF6CD27FE680B00979E99 /* LoginViewController.xib in Resources */,
			);
			runOnlyForDeploymentPostprocessing = 0;
		};
		3BBDF5DA27FBA50F0090DD54 /* Resources */ = {
			isa = PBXResourcesBuildPhase;
			buildActionMask = 2147483647;
			files = (
			);
			runOnlyForDeploymentPostprocessing = 0;
		};
/* End PBXResourcesBuildPhase section */

/* Begin PBXShellScriptBuildPhase section */
		311B102C2FD325171F01555C /* [CP] Check Pods Manifest.lock */ = {
			isa = PBXShellScriptBuildPhase;
			buildActionMask = 2147483647;
			files = (
			);
			inputFileListPaths = (
			);
			inputPaths = (
				"${PODS_PODFILE_DIR_PATH}/Podfile.lock",
				"${PODS_ROOT}/Manifest.lock",
			);
			name = "[CP] Check Pods Manifest.lock";
			outputFileListPaths = (
			);
			outputPaths = (
				"$(DERIVED_FILE_DIR)/Pods-RecipeApp-checkManifestLockResult.txt",
			);
			runOnlyForDeploymentPostprocessing = 0;
			shellPath = /bin/sh;
			shellScript = "diff \"${PODS_PODFILE_DIR_PATH}/Podfile.lock\" \"${PODS_ROOT}/Manifest.lock\" > /dev/null\nif [ $? != 0 ] ; then\n    # print error to STDERR\n    echo \"error: The sandbox is not in sync with the Podfile.lock. Run 'pod install' or update your CocoaPods installation.\" >&2\n    exit 1\nfi\n# This output is used by Xcode 'outputs' to avoid re-running this script phase.\necho \"SUCCESS\" > \"${SCRIPT_OUTPUT_FILE_0}\"\n";
			showEnvVarsInLog = 0;
		};
		3BCF370C280E31080046F73B /* SwiftLint */ = {
			isa = PBXShellScriptBuildPhase;
			buildActionMask = 2147483647;
			files = (
			);
			inputFileListPaths = (
			);
			inputPaths = (
			);
			name = SwiftLint;
			outputFileListPaths = (
			);
			outputPaths = (
			);
			runOnlyForDeploymentPostprocessing = 0;
			shellPath = /bin/sh;
			shellScript = "${PODS_ROOT}/SwiftLint/swiftlint\n";
		};
		F5CE41285B9E0ED0B8981839 /* [CP] Check Pods Manifest.lock */ = {
			isa = PBXShellScriptBuildPhase;
			buildActionMask = 2147483647;
			files = (
			);
			inputFileListPaths = (
			);
			inputPaths = (
				"${PODS_PODFILE_DIR_PATH}/Podfile.lock",
				"${PODS_ROOT}/Manifest.lock",
			);
			name = "[CP] Check Pods Manifest.lock";
			outputFileListPaths = (
			);
			outputPaths = (
				"$(DERIVED_FILE_DIR)/Pods-RecipeAppTests-checkManifestLockResult.txt",
			);
			runOnlyForDeploymentPostprocessing = 0;
			shellPath = /bin/sh;
			shellScript = "diff \"${PODS_PODFILE_DIR_PATH}/Podfile.lock\" \"${PODS_ROOT}/Manifest.lock\" > /dev/null\nif [ $? != 0 ] ; then\n    # print error to STDERR\n    echo \"error: The sandbox is not in sync with the Podfile.lock. Run 'pod install' or update your CocoaPods installation.\" >&2\n    exit 1\nfi\n# This output is used by Xcode 'outputs' to avoid re-running this script phase.\necho \"SUCCESS\" > \"${SCRIPT_OUTPUT_FILE_0}\"\n";
			showEnvVarsInLog = 0;
		};
/* End PBXShellScriptBuildPhase section */

/* Begin PBXSourcesBuildPhase section */
		3BBDF5BF27FBA50C0090DD54 /* Sources */ = {
			isa = PBXSourcesBuildPhase;
			buildActionMask = 2147483647;
			files = (
				3BB3A3AC281349E800501A67 /* FoodTabBarEnums.swift in Sources */,
				3BB3A3A02813195500501A67 /* Coordinator.swift in Sources */,
				3B7EBF6E28038FE300F4581E /* FoodViewModel.swift in Sources */,
				3B6474BB28064B1000BE1342 /* FoodProtocols.swift in Sources */,
				3B7EBF7E2803A2F700F4581E /* EmptyCollectionViewCell.swift in Sources */,
				3BBDF5C727FBA50C0090DD54 /* AppDelegate.swift in Sources */,
				3BB3A3A2281319F700501A67 /* FoodCoordinator.swift in Sources */,
				3BBDF5C927FBA50C0090DD54 /* SceneDelegate.swift in Sources */,
				3BA4901E2800FBE70021A4E9 /* LoginProtocols.swift in Sources */,
				3BF5BE48280319AE00A6D205 /* FoodViewController.swift in Sources */,
				3B6474B9280648E400BE1342 /* CollectionViewHelpers.swift in Sources */,
				3B9DF6CC27FE680B00979E99 /* LoginViewController.swift in Sources */,
				3BBDF5D127FBA50C0090DD54 /* RecipeApp.xcdatamodeld in Sources */,
				3BF5BE442803178E00A6D205 /* FoodTabBarController.swift in Sources */,
				3BA490202800FEED0021A4E9 /* User.swift in Sources */,
				3BB3A3A528131B4E00501A67 /* FoodTabBarCoordinator.swift in Sources */,
				3BCF370E280E3A320046F73B /* AppCoordinator.swift in Sources */,
				3BB3A3AF28138CD700501A67 /* FoodTabBarProtocols.swift in Sources */,
				3BE4FB292804F89D00A3F01F /* FoodCollectionViewCell.swift in Sources */,
				3BF5BE392803067600A6D205 /* LoginViewModel.swift in Sources */,
			);
			runOnlyForDeploymentPostprocessing = 0;
		};
		3BBDF5D827FBA50F0090DD54 /* Sources */ = {
			isa = PBXSourcesBuildPhase;
			buildActionMask = 2147483647;
			files = (
				3BB3A3B5281481AB00501A67 /* NavigationControllerHelper.swift in Sources */,
				3BB3A3B2281479A300501A67 /* AppCoordinatorTests.swift in Sources */,
				3BA4901A2800FA0B0021A4E9 /* LoginViewControllerTests.swift in Sources */,
				3B7EBF7128039C0800F4581E /* FoodViewControllerTests.swift in Sources */,
				3BB3A3B7281481FD00501A67 /* FoodTabBarCoordinatorTests.swift in Sources */,
				3BF5BE4128030D2B00A6D205 /* FoodTabBarControllerTests.swift in Sources */,
			);
			runOnlyForDeploymentPostprocessing = 0;
		};
/* End PBXSourcesBuildPhase section */

/* Begin PBXTargetDependency section */
		3BBDF5DE27FBA50F0090DD54 /* PBXTargetDependency */ = {
			isa = PBXTargetDependency;
			target = 3BBDF5C227FBA50C0090DD54 /* RecipeApp */;
			targetProxy = 3BBDF5DD27FBA50F0090DD54 /* PBXContainerItemProxy */;
		};
/* End PBXTargetDependency section */

/* Begin PBXVariantGroup section */
		3BBDF5D427FBA50F0090DD54 /* LaunchScreen.storyboard */ = {
			isa = PBXVariantGroup;
			children = (
				3BBDF5D527FBA50F0090DD54 /* Base */,
			);
			name = LaunchScreen.storyboard;
			sourceTree = "<group>";
		};
/* End PBXVariantGroup section */

/* Begin XCBuildConfiguration section */
		3BBDF5EE27FBA50F0090DD54 /* Debug */ = {
			isa = XCBuildConfiguration;
			buildSettings = {
				ALWAYS_SEARCH_USER_PATHS = NO;
				CLANG_ANALYZER_NONNULL = YES;
				CLANG_ANALYZER_NUMBER_OBJECT_CONVERSION = YES_AGGRESSIVE;
				CLANG_CXX_LANGUAGE_STANDARD = "gnu++17";
				CLANG_CXX_LIBRARY = "libc++";
				CLANG_ENABLE_MODULES = YES;
				CLANG_ENABLE_OBJC_ARC = YES;
				CLANG_ENABLE_OBJC_WEAK = YES;
				CLANG_WARN_BLOCK_CAPTURE_AUTORELEASING = YES;
				CLANG_WARN_BOOL_CONVERSION = YES;
				CLANG_WARN_COMMA = YES;
				CLANG_WARN_CONSTANT_CONVERSION = YES;
				CLANG_WARN_DEPRECATED_OBJC_IMPLEMENTATIONS = YES;
				CLANG_WARN_DIRECT_OBJC_ISA_USAGE = YES_ERROR;
				CLANG_WARN_DOCUMENTATION_COMMENTS = YES;
				CLANG_WARN_EMPTY_BODY = YES;
				CLANG_WARN_ENUM_CONVERSION = YES;
				CLANG_WARN_INFINITE_RECURSION = YES;
				CLANG_WARN_INT_CONVERSION = YES;
				CLANG_WARN_NON_LITERAL_NULL_CONVERSION = YES;
				CLANG_WARN_OBJC_IMPLICIT_RETAIN_SELF = YES;
				CLANG_WARN_OBJC_LITERAL_CONVERSION = YES;
				CLANG_WARN_OBJC_ROOT_CLASS = YES_ERROR;
				CLANG_WARN_QUOTED_INCLUDE_IN_FRAMEWORK_HEADER = YES;
				CLANG_WARN_RANGE_LOOP_ANALYSIS = YES;
				CLANG_WARN_STRICT_PROTOTYPES = YES;
				CLANG_WARN_SUSPICIOUS_MOVE = YES;
				CLANG_WARN_UNGUARDED_AVAILABILITY = YES_AGGRESSIVE;
				CLANG_WARN_UNREACHABLE_CODE = YES;
				CLANG_WARN__DUPLICATE_METHOD_MATCH = YES;
				COPY_PHASE_STRIP = NO;
				DEBUG_INFORMATION_FORMAT = dwarf;
				ENABLE_STRICT_OBJC_MSGSEND = YES;
				ENABLE_TESTABILITY = YES;
				GCC_C_LANGUAGE_STANDARD = gnu11;
				GCC_DYNAMIC_NO_PIC = NO;
				GCC_NO_COMMON_BLOCKS = YES;
				GCC_OPTIMIZATION_LEVEL = 0;
				GCC_PREPROCESSOR_DEFINITIONS = (
					"DEBUG=1",
					"$(inherited)",
				);
				GCC_WARN_64_TO_32_BIT_CONVERSION = YES;
				GCC_WARN_ABOUT_RETURN_TYPE = YES_ERROR;
				GCC_WARN_UNDECLARED_SELECTOR = YES;
				GCC_WARN_UNINITIALIZED_AUTOS = YES_AGGRESSIVE;
				GCC_WARN_UNUSED_FUNCTION = YES;
				GCC_WARN_UNUSED_VARIABLE = YES;
				IPHONEOS_DEPLOYMENT_TARGET = 15.0;
				MTL_ENABLE_DEBUG_INFO = INCLUDE_SOURCE;
				MTL_FAST_MATH = YES;
				ONLY_ACTIVE_ARCH = YES;
				SDKROOT = iphoneos;
				SWIFT_ACTIVE_COMPILATION_CONDITIONS = DEBUG;
				SWIFT_OPTIMIZATION_LEVEL = "-Onone";
			};
			name = Debug;
		};
		3BBDF5EF27FBA50F0090DD54 /* Release */ = {
			isa = XCBuildConfiguration;
			buildSettings = {
				ALWAYS_SEARCH_USER_PATHS = NO;
				CLANG_ANALYZER_NONNULL = YES;
				CLANG_ANALYZER_NUMBER_OBJECT_CONVERSION = YES_AGGRESSIVE;
				CLANG_CXX_LANGUAGE_STANDARD = "gnu++17";
				CLANG_CXX_LIBRARY = "libc++";
				CLANG_ENABLE_MODULES = YES;
				CLANG_ENABLE_OBJC_ARC = YES;
				CLANG_ENABLE_OBJC_WEAK = YES;
				CLANG_WARN_BLOCK_CAPTURE_AUTORELEASING = YES;
				CLANG_WARN_BOOL_CONVERSION = YES;
				CLANG_WARN_COMMA = YES;
				CLANG_WARN_CONSTANT_CONVERSION = YES;
				CLANG_WARN_DEPRECATED_OBJC_IMPLEMENTATIONS = YES;
				CLANG_WARN_DIRECT_OBJC_ISA_USAGE = YES_ERROR;
				CLANG_WARN_DOCUMENTATION_COMMENTS = YES;
				CLANG_WARN_EMPTY_BODY = YES;
				CLANG_WARN_ENUM_CONVERSION = YES;
				CLANG_WARN_INFINITE_RECURSION = YES;
				CLANG_WARN_INT_CONVERSION = YES;
				CLANG_WARN_NON_LITERAL_NULL_CONVERSION = YES;
				CLANG_WARN_OBJC_IMPLICIT_RETAIN_SELF = YES;
				CLANG_WARN_OBJC_LITERAL_CONVERSION = YES;
				CLANG_WARN_OBJC_ROOT_CLASS = YES_ERROR;
				CLANG_WARN_QUOTED_INCLUDE_IN_FRAMEWORK_HEADER = YES;
				CLANG_WARN_RANGE_LOOP_ANALYSIS = YES;
				CLANG_WARN_STRICT_PROTOTYPES = YES;
				CLANG_WARN_SUSPICIOUS_MOVE = YES;
				CLANG_WARN_UNGUARDED_AVAILABILITY = YES_AGGRESSIVE;
				CLANG_WARN_UNREACHABLE_CODE = YES;
				CLANG_WARN__DUPLICATE_METHOD_MATCH = YES;
				COPY_PHASE_STRIP = NO;
				DEBUG_INFORMATION_FORMAT = "dwarf-with-dsym";
				ENABLE_NS_ASSERTIONS = NO;
				ENABLE_STRICT_OBJC_MSGSEND = YES;
				GCC_C_LANGUAGE_STANDARD = gnu11;
				GCC_NO_COMMON_BLOCKS = YES;
				GCC_WARN_64_TO_32_BIT_CONVERSION = YES;
				GCC_WARN_ABOUT_RETURN_TYPE = YES_ERROR;
				GCC_WARN_UNDECLARED_SELECTOR = YES;
				GCC_WARN_UNINITIALIZED_AUTOS = YES_AGGRESSIVE;
				GCC_WARN_UNUSED_FUNCTION = YES;
				GCC_WARN_UNUSED_VARIABLE = YES;
				IPHONEOS_DEPLOYMENT_TARGET = 15.0;
				MTL_ENABLE_DEBUG_INFO = NO;
				MTL_FAST_MATH = YES;
				SDKROOT = iphoneos;
				SWIFT_COMPILATION_MODE = wholemodule;
				SWIFT_OPTIMIZATION_LEVEL = "-O";
				VALIDATE_PRODUCT = YES;
			};
			name = Release;
		};
		3BBDF5F127FBA50F0090DD54 /* Debug */ = {
			isa = XCBuildConfiguration;
			baseConfigurationReference = 63BA039C168C5E30CDE08DA4 /* Pods-RecipeApp.debug.xcconfig */;
			buildSettings = {
				ASSETCATALOG_COMPILER_APPICON_NAME = AppIcon;
				ASSETCATALOG_COMPILER_GLOBAL_ACCENT_COLOR_NAME = AccentColor;
				CODE_SIGN_STYLE = Automatic;
				CURRENT_PROJECT_VERSION = 1;
				DEVELOPMENT_TEAM = MFDADSRP66;
				GENERATE_INFOPLIST_FILE = YES;
				INFOPLIST_FILE = RecipeApp/Info.plist;
				INFOPLIST_KEY_UIApplicationSupportsIndirectInputEvents = YES;
				INFOPLIST_KEY_UILaunchStoryboardName = LaunchScreen;
				INFOPLIST_KEY_UISupportedInterfaceOrientations_iPad = "UIInterfaceOrientationPortrait UIInterfaceOrientationPortraitUpsideDown UIInterfaceOrientationLandscapeLeft UIInterfaceOrientationLandscapeRight";
				INFOPLIST_KEY_UISupportedInterfaceOrientations_iPhone = "UIInterfaceOrientationPortrait UIInterfaceOrientationLandscapeLeft UIInterfaceOrientationLandscapeRight";
				LD_RUNPATH_SEARCH_PATHS = (
					"$(inherited)",
					"@executable_path/Frameworks",
				);
				MARKETING_VERSION = 1.0;
				PRODUCT_BUNDLE_IDENTIFIER = vitor.developer.RecipeApp;
				PRODUCT_NAME = "$(TARGET_NAME)";
				SWIFT_EMIT_LOC_STRINGS = YES;
				SWIFT_VERSION = 5.0;
				TARGETED_DEVICE_FAMILY = 1;
			};
			name = Debug;
		};
		3BBDF5F227FBA50F0090DD54 /* Release */ = {
			isa = XCBuildConfiguration;
			baseConfigurationReference = 97CC3330DDD9B03EB58DCEA3 /* Pods-RecipeApp.release.xcconfig */;
			buildSettings = {
				ASSETCATALOG_COMPILER_APPICON_NAME = AppIcon;
				ASSETCATALOG_COMPILER_GLOBAL_ACCENT_COLOR_NAME = AccentColor;
				CODE_SIGN_STYLE = Automatic;
				CURRENT_PROJECT_VERSION = 1;
				DEVELOPMENT_TEAM = MFDADSRP66;
				GENERATE_INFOPLIST_FILE = YES;
				INFOPLIST_FILE = RecipeApp/Info.plist;
				INFOPLIST_KEY_UIApplicationSupportsIndirectInputEvents = YES;
				INFOPLIST_KEY_UILaunchStoryboardName = LaunchScreen;
				INFOPLIST_KEY_UISupportedInterfaceOrientations_iPad = "UIInterfaceOrientationPortrait UIInterfaceOrientationPortraitUpsideDown UIInterfaceOrientationLandscapeLeft UIInterfaceOrientationLandscapeRight";
				INFOPLIST_KEY_UISupportedInterfaceOrientations_iPhone = "UIInterfaceOrientationPortrait UIInterfaceOrientationLandscapeLeft UIInterfaceOrientationLandscapeRight";
				LD_RUNPATH_SEARCH_PATHS = (
					"$(inherited)",
					"@executable_path/Frameworks",
				);
				MARKETING_VERSION = 1.0;
				PRODUCT_BUNDLE_IDENTIFIER = vitor.developer.RecipeApp;
				PRODUCT_NAME = "$(TARGET_NAME)";
				SWIFT_EMIT_LOC_STRINGS = YES;
				SWIFT_VERSION = 5.0;
				TARGETED_DEVICE_FAMILY = 1;
			};
			name = Release;
		};
		3BBDF5F427FBA50F0090DD54 /* Debug */ = {
			isa = XCBuildConfiguration;
			baseConfigurationReference = 5F2540CC5E5764E2B65C2E42 /* Pods-RecipeAppTests.debug.xcconfig */;
			buildSettings = {
				ALWAYS_EMBED_SWIFT_STANDARD_LIBRARIES = YES;
				BUNDLE_LOADER = "$(TEST_HOST)";
				CODE_SIGN_STYLE = Automatic;
				CURRENT_PROJECT_VERSION = 1;
				DEVELOPMENT_TEAM = MFDADSRP66;
				GENERATE_INFOPLIST_FILE = YES;
				IPHONEOS_DEPLOYMENT_TARGET = 15.0;
				LD_RUNPATH_SEARCH_PATHS = (
					"$(inherited)",
					"@executable_path/Frameworks",
					"@loader_path/Frameworks",
				);
				MARKETING_VERSION = 1.0;
				PRODUCT_BUNDLE_IDENTIFIER = vitor.developer.RecipeAppTests;
				PRODUCT_NAME = "$(TARGET_NAME)";
				SWIFT_EMIT_LOC_STRINGS = NO;
				SWIFT_VERSION = 5.0;
				TARGETED_DEVICE_FAMILY = "1,2";
				TEST_HOST = "$(BUILT_PRODUCTS_DIR)/RecipeApp.app/RecipeApp";
			};
			name = Debug;
		};
		3BBDF5F527FBA50F0090DD54 /* Release */ = {
			isa = XCBuildConfiguration;
			baseConfigurationReference = 567D9C77BC8C684DDF8AF409 /* Pods-RecipeAppTests.release.xcconfig */;
			buildSettings = {
				ALWAYS_EMBED_SWIFT_STANDARD_LIBRARIES = YES;
				BUNDLE_LOADER = "$(TEST_HOST)";
				CODE_SIGN_STYLE = Automatic;
				CURRENT_PROJECT_VERSION = 1;
				DEVELOPMENT_TEAM = MFDADSRP66;
				GENERATE_INFOPLIST_FILE = YES;
				IPHONEOS_DEPLOYMENT_TARGET = 15.0;
				LD_RUNPATH_SEARCH_PATHS = (
					"$(inherited)",
					"@executable_path/Frameworks",
					"@loader_path/Frameworks",
				);
				MARKETING_VERSION = 1.0;
				PRODUCT_BUNDLE_IDENTIFIER = vitor.developer.RecipeAppTests;
				PRODUCT_NAME = "$(TARGET_NAME)";
				SWIFT_EMIT_LOC_STRINGS = NO;
				SWIFT_VERSION = 5.0;
				TARGETED_DEVICE_FAMILY = "1,2";
				TEST_HOST = "$(BUILT_PRODUCTS_DIR)/RecipeApp.app/RecipeApp";
			};
			name = Release;
		};
/* End XCBuildConfiguration section */

/* Begin XCConfigurationList section */
		3BBDF5BE27FBA50C0090DD54 /* Build configuration list for PBXProject "RecipeApp" */ = {
			isa = XCConfigurationList;
			buildConfigurations = (
				3BBDF5EE27FBA50F0090DD54 /* Debug */,
				3BBDF5EF27FBA50F0090DD54 /* Release */,
			);
			defaultConfigurationIsVisible = 0;
			defaultConfigurationName = Release;
		};
		3BBDF5F027FBA50F0090DD54 /* Build configuration list for PBXNativeTarget "RecipeApp" */ = {
			isa = XCConfigurationList;
			buildConfigurations = (
				3BBDF5F127FBA50F0090DD54 /* Debug */,
				3BBDF5F227FBA50F0090DD54 /* Release */,
			);
			defaultConfigurationIsVisible = 0;
			defaultConfigurationName = Release;
		};
		3BBDF5F327FBA50F0090DD54 /* Build configuration list for PBXNativeTarget "RecipeAppTests" */ = {
			isa = XCConfigurationList;
			buildConfigurations = (
				3BBDF5F427FBA50F0090DD54 /* Debug */,
				3BBDF5F527FBA50F0090DD54 /* Release */,
			);
			defaultConfigurationIsVisible = 0;
			defaultConfigurationName = Release;
		};
/* End XCConfigurationList section */

/* Begin XCVersionGroup section */
		3BBDF5CF27FBA50C0090DD54 /* RecipeApp.xcdatamodeld */ = {
			isa = XCVersionGroup;
			children = (
				3BBDF5D027FBA50C0090DD54 /* RecipeApp.xcdatamodel */,
			);
			currentVersion = 3BBDF5D027FBA50C0090DD54 /* RecipeApp.xcdatamodel */;
			path = RecipeApp.xcdatamodeld;
			sourceTree = "<group>";
			versionGroupType = wrapper.xcdatamodel;
		};
/* End XCVersionGroup section */
	};
	rootObject = 3BBDF5BB27FBA50C0090DD54 /* Project object */;
}
