// !$*UTF8*$!
{
	archiveVersion = 1;
	classes = {
	};
	objectVersion = 55;
	objects = {

/* Begin PBXBuildFile section */
		3B9DF6CC27FE680B00979E99 /* LoginViewController.swift in Sources */ = {isa = PBXBuildFile; fileRef = 3B9DF6CA27FE680B00979E99 /* LoginViewController.swift */; };
		3B9DF6CD27FE680B00979E99 /* LoginView.xib in Resources */ = {isa = PBXBuildFile; fileRef = 3B9DF6CB27FE680B00979E99 /* LoginView.xib */; };
		3BBDF5C727FBA50C0090DD54 /* AppDelegate.swift in Sources */ = {isa = PBXBuildFile; fileRef = 3BBDF5C627FBA50C0090DD54 /* AppDelegate.swift */; };
		3BBDF5C927FBA50C0090DD54 /* SceneDelegate.swift in Sources */ = {isa = PBXBuildFile; fileRef = 3BBDF5C827FBA50C0090DD54 /* SceneDelegate.swift */; };
		3BBDF5CB27FBA50C0090DD54 /* ViewController.swift in Sources */ = {isa = PBXBuildFile; fileRef = 3BBDF5CA27FBA50C0090DD54 /* ViewController.swift */; };
		3BBDF5D127FBA50C0090DD54 /* RecipeApp.xcdatamodeld in Sources */ = {isa = PBXBuildFile; fileRef = 3BBDF5CF27FBA50C0090DD54 /* RecipeApp.xcdatamodeld */; };
		3BBDF5D327FBA50F0090DD54 /* Assets.xcassets in Resources */ = {isa = PBXBuildFile; fileRef = 3BBDF5D227FBA50F0090DD54 /* Assets.xcassets */; };
		3BBDF5D627FBA50F0090DD54 /* LaunchScreen.storyboard in Resources */ = {isa = PBXBuildFile; fileRef = 3BBDF5D427FBA50F0090DD54 /* LaunchScreen.storyboard */; };
		3BBDF5E127FBA50F0090DD54 /* RecipeAppTests.swift in Sources */ = {isa = PBXBuildFile; fileRef = 3BBDF5E027FBA50F0090DD54 /* RecipeAppTests.swift */; };
/* End PBXBuildFile section */

/* Begin PBXContainerItemProxy section */
		3BBDF5DD27FBA50F0090DD54 /* PBXContainerItemProxy */ = {
			isa = PBXContainerItemProxy;
			containerPortal = 3BBDF5BB27FBA50C0090DD54 /* Project object */;
			proxyType = 1;
			remoteGlobalIDString = 3BBDF5C227FBA50C0090DD54;
			remoteInfo = RecipeApp;
		};
/* End PBXContainerItemProxy section */

/* Begin PBXFileReference section */
		3B9DF6CA27FE680B00979E99 /* LoginViewController.swift */ = {isa = PBXFileReference; lastKnownFileType = sourcecode.swift; path = LoginViewController.swift; sourceTree = "<group>"; };
		3B9DF6CB27FE680B00979E99 /* LoginView.xib */ = {isa = PBXFileReference; lastKnownFileType = file.xib; path = LoginView.xib; sourceTree = "<group>"; };
		3BBDF5C327FBA50C0090DD54 /* RecipeApp.app */ = {isa = PBXFileReference; explicitFileType = wrapper.application; includeInIndex = 0; path = RecipeApp.app; sourceTree = BUILT_PRODUCTS_DIR; };
		3BBDF5C627FBA50C0090DD54 /* AppDelegate.swift */ = {isa = PBXFileReference; lastKnownFileType = sourcecode.swift; path = AppDelegate.swift; sourceTree = "<group>"; };
		3BBDF5C827FBA50C0090DD54 /* SceneDelegate.swift */ = {isa = PBXFileReference; lastKnownFileType = sourcecode.swift; path = SceneDelegate.swift; sourceTree = "<group>"; };
		3BBDF5CA27FBA50C0090DD54 /* ViewController.swift */ = {isa = PBXFileReference; lastKnownFileType = sourcecode.swift; path = ViewController.swift; sourceTree = "<group>"; };
		3BBDF5D027FBA50C0090DD54 /* RecipeApp.xcdatamodel */ = {isa = PBXFileReference; lastKnownFileType = wrapper.xcdatamodel; path = RecipeApp.xcdatamodel; sourceTree = "<group>"; };
		3BBDF5D227FBA50F0090DD54 /* Assets.xcassets */ = {isa = PBXFileReference; lastKnownFileType = folder.assetcatalog; path = Assets.xcassets; sourceTree = "<group>"; };
		3BBDF5D527FBA50F0090DD54 /* Base */ = {isa = PBXFileReference; lastKnownFileType = file.storyboard; name = Base; path = Base.lproj/LaunchScreen.storyboard; sourceTree = "<group>"; };
		3BBDF5D727FBA50F0090DD54 /* Info.plist */ = {isa = PBXFileReference; lastKnownFileType = text.plist.xml; path = Info.plist; sourceTree = "<group>"; };
		3BBDF5DC27FBA50F0090DD54 /* RecipeAppTests.xctest */ = {isa = PBXFileReference; explicitFileType = wrapper.cfbundle; includeInIndex = 0; path = RecipeAppTests.xctest; sourceTree = BUILT_PRODUCTS_DIR; };
		3BBDF5E027FBA50F0090DD54 /* RecipeAppTests.swift */ = {isa = PBXFileReference; lastKnownFileType = sourcecode.swift; path = RecipeAppTests.swift; sourceTree = "<group>"; };
/* End PBXFileReference section */

/* Begin PBXFrameworksBuildPhase section */
		3BBDF5C027FBA50C0090DD54 /* Frameworks */ = {
			isa = PBXFrameworksBuildPhase;
			buildActionMask = 2147483647;
			files = (
			);
			runOnlyForDeploymentPostprocessing = 0;
		};
		3BBDF5D927FBA50F0090DD54 /* Frameworks */ = {
			isa = PBXFrameworksBuildPhase;
			buildActionMask = 2147483647;
			files = (
			);
			runOnlyForDeploymentPostprocessing = 0;
		};
/* End PBXFrameworksBuildPhase section */

/* Begin PBXGroup section */
		3B9DF6C527FE61CA00979E99 /* Login */ = {
			isa = PBXGroup;
			children = (
				3B9DF6C927FE67BC00979E99 /* Model */,
				3B9DF6C827FE67B000979E99 /* ViewModel */,
				3B9DF6C727FE67A800979E99 /* View */,
			);
			path = Login;
			sourceTree = "<group>";
		};
		3B9DF6C627FE61D500979E99 /* Commons */ = {
			isa = PBXGroup;
			children = (
			);
			path = Commons;
			sourceTree = "<group>";
		};
		3B9DF6C727FE67A800979E99 /* View */ = {
			isa = PBXGroup;
			children = (
				3B9DF6CA27FE680B00979E99 /* LoginViewController.swift */,
				3B9DF6CB27FE680B00979E99 /* LoginView.xib */,
			);
			path = View;
			sourceTree = "<group>";
		};
		3B9DF6C827FE67B000979E99 /* ViewModel */ = {
			isa = PBXGroup;
			children = (
			);
			path = ViewModel;
			sourceTree = "<group>";
		};
		3B9DF6C927FE67BC00979E99 /* Model */ = {
			isa = PBXGroup;
			children = (
			);
			path = Model;
			sourceTree = "<group>";
		};
		3BBDF5BA27FBA50C0090DD54 = {
			isa = PBXGroup;
			children = (
				3BBDF5C527FBA50C0090DD54 /* RecipeApp */,
				3BBDF5DF27FBA50F0090DD54 /* RecipeAppTests */,
				3BBDF5C427FBA50C0090DD54 /* Products */,
			);
			sourceTree = "<group>";
		};
		3BBDF5C427FBA50C0090DD54 /* Products */ = {
			isa = PBXGroup;
			children = (
				3BBDF5C327FBA50C0090DD54 /* RecipeApp.app */,
				3BBDF5DC27FBA50F0090DD54 /* RecipeAppTests.xctest */,
			);
			name = Products;
			sourceTree = "<group>";
		};
		3BBDF5C527FBA50C0090DD54 /* RecipeApp */ = {
			isa = PBXGroup;
			children = (
				3BBDF5F927FBA5220090DD54 /* Application */,
				3B9DF6C627FE61D500979E99 /* Commons */,
				3B9DF6C527FE61CA00979E99 /* Login */,
				3BBDF5CA27FBA50C0090DD54 /* ViewController.swift */,
				3BBDF5D227FBA50F0090DD54 /* Assets.xcassets */,
				3BBDF5CF27FBA50C0090DD54 /* RecipeApp.xcdatamodeld */,
				3BBDF5D727FBA50F0090DD54 /* Info.plist */,
			);
			path = RecipeApp;
			sourceTree = "<group>";
		};
		3BBDF5DF27FBA50F0090DD54 /* RecipeAppTests */ = {
			isa = PBXGroup;
			children = (
				3BBDF5E027FBA50F0090DD54 /* RecipeAppTests.swift */,
			);
			path = RecipeAppTests;
			sourceTree = "<group>";
		};
		3BBDF5F927FBA5220090DD54 /* Application */ = {
			isa = PBXGroup;
			children = (
				3BBDF5C627FBA50C0090DD54 /* AppDelegate.swift */,
				3BBDF5C827FBA50C0090DD54 /* SceneDelegate.swift */,
				3BBDF5D427FBA50F0090DD54 /* LaunchScreen.storyboard */,
			);
			path = Application;
			sourceTree = "<group>";
		};
/* End PBXGroup section */

/* Begin PBXNativeTarget section */
		3BBDF5C227FBA50C0090DD54 /* RecipeApp */ = {
			isa = PBXNativeTarget;
			buildConfigurationList = 3BBDF5F027FBA50F0090DD54 /* Build configuration list for PBXNativeTarget "RecipeApp" */;
			buildPhases = (
				3BBDF5BF27FBA50C0090DD54 /* Sources */,
				3BBDF5C027FBA50C0090DD54 /* Frameworks */,
				3BBDF5C127FBA50C0090DD54 /* Resources */,
			);
			buildRules = (
			);
			dependencies = (
			);
			name = RecipeApp;
			productName = RecipeApp;
			productReference = 3BBDF5C327FBA50C0090DD54 /* RecipeApp.app */;
			productType = "com.apple.product-type.application";
		};
		3BBDF5DB27FBA50F0090DD54 /* RecipeAppTests */ = {
			isa = PBXNativeTarget;
			buildConfigurationList = 3BBDF5F327FBA50F0090DD54 /* Build configuration list for PBXNativeTarget "RecipeAppTests" */;
			buildPhases = (
				3BBDF5D827FBA50F0090DD54 /* Sources */,
				3BBDF5D927FBA50F0090DD54 /* Frameworks */,
				3BBDF5DA27FBA50F0090DD54 /* Resources */,
			);
			buildRules = (
			);
			dependencies = (
				3BBDF5DE27FBA50F0090DD54 /* PBXTargetDependency */,
			);
			name = RecipeAppTests;
			productName = RecipeAppTests;
			productReference = 3BBDF5DC27FBA50F0090DD54 /* RecipeAppTests.xctest */;
			productType = "com.apple.product-type.bundle.unit-test";
		};
/* End PBXNativeTarget section */

/* Begin PBXProject section */
		3BBDF5BB27FBA50C0090DD54 /* Project object */ = {
			isa = PBXProject;
			attributes = {
				BuildIndependentTargetsInParallel = 1;
				LastSwiftUpdateCheck = 1310;
				LastUpgradeCheck = 1310;
				TargetAttributes = {
					3BBDF5C227FBA50C0090DD54 = {
						CreatedOnToolsVersion = 13.1;
					};
					3BBDF5DB27FBA50F0090DD54 = {
						CreatedOnToolsVersion = 13.1;
						TestTargetID = 3BBDF5C227FBA50C0090DD54;
					};
				};
			};
			buildConfigurationList = 3BBDF5BE27FBA50C0090DD54 /* Build configuration list for PBXProject "RecipeApp" */;
			compatibilityVersion = "Xcode 13.0";
			developmentRegion = en;
			hasScannedForEncodings = 0;
			knownRegions = (
				en,
				Base,
			);
			mainGroup = 3BBDF5BA27FBA50C0090DD54;
			productRefGroup = 3BBDF5C427FBA50C0090DD54 /* Products */;
			projectDirPath = "";
			projectRoot = "";
			targets = (
				3BBDF5C227FBA50C0090DD54 /* RecipeApp */,
				3BBDF5DB27FBA50F0090DD54 /* RecipeAppTests */,
			);
		};
/* End PBXProject section */

/* Begin PBXResourcesBuildPhase section */
		3BBDF5C127FBA50C0090DD54 /* Resources */ = {
			isa = PBXResourcesBuildPhase;
			buildActionMask = 2147483647;
			files = (
				3BBDF5D627FBA50F0090DD54 /* LaunchScreen.storyboard in Resources */,
				3BBDF5D327FBA50F0090DD54 /* Assets.xcassets in Resources */,
				3B9DF6CD27FE680B00979E99 /* LoginView.xib in Resources */,
			);
			runOnlyForDeploymentPostprocessing = 0;
		};
		3BBDF5DA27FBA50F0090DD54 /* Resources */ = {
			isa = PBXResourcesBuildPhase;
			buildActionMask = 2147483647;
			files = (
			);
			runOnlyForDeploymentPostprocessing = 0;
		};
/* End PBXResourcesBuildPhase section */

/* Begin PBXSourcesBuildPhase section */
		3BBDF5BF27FBA50C0090DD54 /* Sources */ = {
			isa = PBXSourcesBuildPhase;
			buildActionMask = 2147483647;
			files = (
				3BBDF5CB27FBA50C0090DD54 /* ViewController.swift in Sources */,
				3BBDF5C727FBA50C0090DD54 /* AppDelegate.swift in Sources */,
				3BBDF5C927FBA50C0090DD54 /* SceneDelegate.swift in Sources */,
				3B9DF6CC27FE680B00979E99 /* LoginViewController.swift in Sources */,
				3BBDF5D127FBA50C0090DD54 /* RecipeApp.xcdatamodeld in Sources */,
			);
			runOnlyForDeploymentPostprocessing = 0;
		};
		3BBDF5D827FBA50F0090DD54 /* Sources */ = {
			isa = PBXSourcesBuildPhase;
			buildActionMask = 2147483647;
			files = (
				3BBDF5E127FBA50F0090DD54 /* RecipeAppTests.swift in Sources */,
			);
			runOnlyForDeploymentPostprocessing = 0;
		};
/* End PBXSourcesBuildPhase section */

/* Begin PBXTargetDependency section */
		3BBDF5DE27FBA50F0090DD54 /* PBXTargetDependency */ = {
			isa = PBXTargetDependency;
			target = 3BBDF5C227FBA50C0090DD54 /* RecipeApp */;
			targetProxy = 3BBDF5DD27FBA50F0090DD54 /* PBXContainerItemProxy */;
		};
/* End PBXTargetDependency section */

/* Begin PBXVariantGroup section */
		3BBDF5D427FBA50F0090DD54 /* LaunchScreen.storyboard */ = {
			isa = PBXVariantGroup;
			children = (
				3BBDF5D527FBA50F0090DD54 /* Base */,
			);
			name = LaunchScreen.storyboard;
			sourceTree = "<group>";
		};
/* End PBXVariantGroup section */

/* Begin XCBuildConfiguration section */
		3BBDF5EE27FBA50F0090DD54 /* Debug */ = {
			isa = XCBuildConfiguration;
			buildSettings = {
				ALWAYS_SEARCH_USER_PATHS = NO;
				CLANG_ANALYZER_NONNULL = YES;
				CLANG_ANALYZER_NUMBER_OBJECT_CONVERSION = YES_AGGRESSIVE;
				CLANG_CXX_LANGUAGE_STANDARD = "gnu++17";
				CLANG_CXX_LIBRARY = "libc++";
				CLANG_ENABLE_MODULES = YES;
				CLANG_ENABLE_OBJC_ARC = YES;
				CLANG_ENABLE_OBJC_WEAK = YES;
				CLANG_WARN_BLOCK_CAPTURE_AUTORELEASING = YES;
				CLANG_WARN_BOOL_CONVERSION = YES;
				CLANG_WARN_COMMA = YES;
				CLANG_WARN_CONSTANT_CONVERSION = YES;
				CLANG_WARN_DEPRECATED_OBJC_IMPLEMENTATIONS = YES;
				CLANG_WARN_DIRECT_OBJC_ISA_USAGE = YES_ERROR;
				CLANG_WARN_DOCUMENTATION_COMMENTS = YES;
				CLANG_WARN_EMPTY_BODY = YES;
				CLANG_WARN_ENUM_CONVERSION = YES;
				CLANG_WARN_INFINITE_RECURSION = YES;
				CLANG_WARN_INT_CONVERSION = YES;
				CLANG_WARN_NON_LITERAL_NULL_CONVERSION = YES;
				CLANG_WARN_OBJC_IMPLICIT_RETAIN_SELF = YES;
				CLANG_WARN_OBJC_LITERAL_CONVERSION = YES;
				CLANG_WARN_OBJC_ROOT_CLASS = YES_ERROR;
				CLANG_WARN_QUOTED_INCLUDE_IN_FRAMEWORK_HEADER = YES;
				CLANG_WARN_RANGE_LOOP_ANALYSIS = YES;
				CLANG_WARN_STRICT_PROTOTYPES = YES;
				CLANG_WARN_SUSPICIOUS_MOVE = YES;
				CLANG_WARN_UNGUARDED_AVAILABILITY = YES_AGGRESSIVE;
				CLANG_WARN_UNREACHABLE_CODE = YES;
				CLANG_WARN__DUPLICATE_METHOD_MATCH = YES;
				COPY_PHASE_STRIP = NO;
				DEBUG_INFORMATION_FORMAT = dwarf;
				ENABLE_STRICT_OBJC_MSGSEND = YES;
				ENABLE_TESTABILITY = YES;
				GCC_C_LANGUAGE_STANDARD = gnu11;
				GCC_DYNAMIC_NO_PIC = NO;
				GCC_NO_COMMON_BLOCKS = YES;
				GCC_OPTIMIZATION_LEVEL = 0;
				GCC_PREPROCESSOR_DEFINITIONS = (
					"DEBUG=1",
					"$(inherited)",
				);
				GCC_WARN_64_TO_32_BIT_CONVERSION = YES;
				GCC_WARN_ABOUT_RETURN_TYPE = YES_ERROR;
				GCC_WARN_UNDECLARED_SELECTOR = YES;
				GCC_WARN_UNINITIALIZED_AUTOS = YES_AGGRESSIVE;
				GCC_WARN_UNUSED_FUNCTION = YES;
				GCC_WARN_UNUSED_VARIABLE = YES;
				IPHONEOS_DEPLOYMENT_TARGET = 15.0;
				MTL_ENABLE_DEBUG_INFO = INCLUDE_SOURCE;
				MTL_FAST_MATH = YES;
				ONLY_ACTIVE_ARCH = YES;
				SDKROOT = iphoneos;
				SWIFT_ACTIVE_COMPILATION_CONDITIONS = DEBUG;
				SWIFT_OPTIMIZATION_LEVEL = "-Onone";
			};
			name = Debug;
		};
		3BBDF5EF27FBA50F0090DD54 /* Release */ = {
			isa = XCBuildConfiguration;
			buildSettings = {
				ALWAYS_SEARCH_USER_PATHS = NO;
				CLANG_ANALYZER_NONNULL = YES;
				CLANG_ANALYZER_NUMBER_OBJECT_CONVERSION = YES_AGGRESSIVE;
				CLANG_CXX_LANGUAGE_STANDARD = "gnu++17";
				CLANG_CXX_LIBRARY = "libc++";
				CLANG_ENABLE_MODULES = YES;
				CLANG_ENABLE_OBJC_ARC = YES;
				CLANG_ENABLE_OBJC_WEAK = YES;
				CLANG_WARN_BLOCK_CAPTURE_AUTORELEASING = YES;
				CLANG_WARN_BOOL_CONVERSION = YES;
				CLANG_WARN_COMMA = YES;
				CLANG_WARN_CONSTANT_CONVERSION = YES;
				CLANG_WARN_DEPRECATED_OBJC_IMPLEMENTATIONS = YES;
				CLANG_WARN_DIRECT_OBJC_ISA_USAGE = YES_ERROR;
				CLANG_WARN_DOCUMENTATION_COMMENTS = YES;
				CLANG_WARN_EMPTY_BODY = YES;
				CLANG_WARN_ENUM_CONVERSION = YES;
				CLANG_WARN_INFINITE_RECURSION = YES;
				CLANG_WARN_INT_CONVERSION = YES;
				CLANG_WARN_NON_LITERAL_NULL_CONVERSION = YES;
				CLANG_WARN_OBJC_IMPLICIT_RETAIN_SELF = YES;
				CLANG_WARN_OBJC_LITERAL_CONVERSION = YES;
				CLANG_WARN_OBJC_ROOT_CLASS = YES_ERROR;
				CLANG_WARN_QUOTED_INCLUDE_IN_FRAMEWORK_HEADER = YES;
				CLANG_WARN_RANGE_LOOP_ANALYSIS = YES;
				CLANG_WARN_STRICT_PROTOTYPES = YES;
				CLANG_WARN_SUSPICIOUS_MOVE = YES;
				CLANG_WARN_UNGUARDED_AVAILABILITY = YES_AGGRESSIVE;
				CLANG_WARN_UNREACHABLE_CODE = YES;
				CLANG_WARN__DUPLICATE_METHOD_MATCH = YES;
				COPY_PHASE_STRIP = NO;
				DEBUG_INFORMATION_FORMAT = "dwarf-with-dsym";
				ENABLE_NS_ASSERTIONS = NO;
				ENABLE_STRICT_OBJC_MSGSEND = YES;
				GCC_C_LANGUAGE_STANDARD = gnu11;
				GCC_NO_COMMON_BLOCKS = YES;
				GCC_WARN_64_TO_32_BIT_CONVERSION = YES;
				GCC_WARN_ABOUT_RETURN_TYPE = YES_ERROR;
				GCC_WARN_UNDECLARED_SELECTOR = YES;
				GCC_WARN_UNINITIALIZED_AUTOS = YES_AGGRESSIVE;
				GCC_WARN_UNUSED_FUNCTION = YES;
				GCC_WARN_UNUSED_VARIABLE = YES;
				IPHONEOS_DEPLOYMENT_TARGET = 15.0;
				MTL_ENABLE_DEBUG_INFO = NO;
				MTL_FAST_MATH = YES;
				SDKROOT = iphoneos;
				SWIFT_COMPILATION_MODE = wholemodule;
				SWIFT_OPTIMIZATION_LEVEL = "-O";
				VALIDATE_PRODUCT = YES;
			};
			name = Release;
		};
		3BBDF5F127FBA50F0090DD54 /* Debug */ = {
			isa = XCBuildConfiguration;
			buildSettings = {
				ASSETCATALOG_COMPILER_APPICON_NAME = AppIcon;
				ASSETCATALOG_COMPILER_GLOBAL_ACCENT_COLOR_NAME = AccentColor;
				CODE_SIGN_STYLE = Automatic;
				CURRENT_PROJECT_VERSION = 1;
				DEVELOPMENT_TEAM = MFDADSRP66;
				GENERATE_INFOPLIST_FILE = YES;
				INFOPLIST_FILE = RecipeApp/Info.plist;
				INFOPLIST_KEY_UIApplicationSupportsIndirectInputEvents = YES;
				INFOPLIST_KEY_UILaunchStoryboardName = LaunchScreen;
				INFOPLIST_KEY_UISupportedInterfaceOrientations_iPad = "UIInterfaceOrientationPortrait UIInterfaceOrientationPortraitUpsideDown UIInterfaceOrientationLandscapeLeft UIInterfaceOrientationLandscapeRight";
				INFOPLIST_KEY_UISupportedInterfaceOrientations_iPhone = "UIInterfaceOrientationPortrait UIInterfaceOrientationLandscapeLeft UIInterfaceOrientationLandscapeRight";
				LD_RUNPATH_SEARCH_PATHS = (
					"$(inherited)",
					"@executable_path/Frameworks",
				);
				MARKETING_VERSION = 1.0;
				PRODUCT_BUNDLE_IDENTIFIER = vitor.developer.RecipeApp;
				PRODUCT_NAME = "$(TARGET_NAME)";
				SWIFT_EMIT_LOC_STRINGS = YES;
				SWIFT_VERSION = 5.0;
				TARGETED_DEVICE_FAMILY = 1;
			};
			name = Debug;
		};
		3BBDF5F227FBA50F0090DD54 /* Release */ = {
			isa = XCBuildConfiguration;
			buildSettings = {
				ASSETCATALOG_COMPILER_APPICON_NAME = AppIcon;
				ASSETCATALOG_COMPILER_GLOBAL_ACCENT_COLOR_NAME = AccentColor;
				CODE_SIGN_STYLE = Automatic;
				CURRENT_PROJECT_VERSION = 1;
				DEVELOPMENT_TEAM = MFDADSRP66;
				GENERATE_INFOPLIST_FILE = YES;
				INFOPLIST_FILE = RecipeApp/Info.plist;
				INFOPLIST_KEY_UIApplicationSupportsIndirectInputEvents = YES;
				INFOPLIST_KEY_UILaunchStoryboardName = LaunchScreen;
				INFOPLIST_KEY_UISupportedInterfaceOrientations_iPad = "UIInterfaceOrientationPortrait UIInterfaceOrientationPortraitUpsideDown UIInterfaceOrientationLandscapeLeft UIInterfaceOrientationLandscapeRight";
				INFOPLIST_KEY_UISupportedInterfaceOrientations_iPhone = "UIInterfaceOrientationPortrait UIInterfaceOrientationLandscapeLeft UIInterfaceOrientationLandscapeRight";
				LD_RUNPATH_SEARCH_PATHS = (
					"$(inherited)",
					"@executable_path/Frameworks",
				);
				MARKETING_VERSION = 1.0;
				PRODUCT_BUNDLE_IDENTIFIER = vitor.developer.RecipeApp;
				PRODUCT_NAME = "$(TARGET_NAME)";
				SWIFT_EMIT_LOC_STRINGS = YES;
				SWIFT_VERSION = 5.0;
				TARGETED_DEVICE_FAMILY = 1;
			};
			name = Release;
		};
		3BBDF5F427FBA50F0090DD54 /* Debug */ = {
			isa = XCBuildConfiguration;
			buildSettings = {
				ALWAYS_EMBED_SWIFT_STANDARD_LIBRARIES = YES;
				BUNDLE_LOADER = "$(TEST_HOST)";
				CODE_SIGN_STYLE = Automatic;
				CURRENT_PROJECT_VERSION = 1;
				DEVELOPMENT_TEAM = MFDADSRP66;
				GENERATE_INFOPLIST_FILE = YES;
				IPHONEOS_DEPLOYMENT_TARGET = 15.0;
				LD_RUNPATH_SEARCH_PATHS = (
					"$(inherited)",
					"@executable_path/Frameworks",
					"@loader_path/Frameworks",
				);
				MARKETING_VERSION = 1.0;
				PRODUCT_BUNDLE_IDENTIFIER = vitor.developer.RecipeAppTests;
				PRODUCT_NAME = "$(TARGET_NAME)";
				SWIFT_EMIT_LOC_STRINGS = NO;
				SWIFT_VERSION = 5.0;
				TARGETED_DEVICE_FAMILY = "1,2";
				TEST_HOST = "$(BUILT_PRODUCTS_DIR)/RecipeApp.app/RecipeApp";
			};
			name = Debug;
		};
		3BBDF5F527FBA50F0090DD54 /* Release */ = {
			isa = XCBuildConfiguration;
			buildSettings = {
				ALWAYS_EMBED_SWIFT_STANDARD_LIBRARIES = YES;
				BUNDLE_LOADER = "$(TEST_HOST)";
				CODE_SIGN_STYLE = Automatic;
				CURRENT_PROJECT_VERSION = 1;
				DEVELOPMENT_TEAM = MFDADSRP66;
				GENERATE_INFOPLIST_FILE = YES;
				IPHONEOS_DEPLOYMENT_TARGET = 15.0;
				LD_RUNPATH_SEARCH_PATHS = (
					"$(inherited)",
					"@executable_path/Frameworks",
					"@loader_path/Frameworks",
				);
				MARKETING_VERSION = 1.0;
				PRODUCT_BUNDLE_IDENTIFIER = vitor.developer.RecipeAppTests;
				PRODUCT_NAME = "$(TARGET_NAME)";
				SWIFT_EMIT_LOC_STRINGS = NO;
				SWIFT_VERSION = 5.0;
				TARGETED_DEVICE_FAMILY = "1,2";
				TEST_HOST = "$(BUILT_PRODUCTS_DIR)/RecipeApp.app/RecipeApp";
			};
			name = Release;
		};
/* End XCBuildConfiguration section */

/* Begin XCConfigurationList section */
		3BBDF5BE27FBA50C0090DD54 /* Build configuration list for PBXProject "RecipeApp" */ = {
			isa = XCConfigurationList;
			buildConfigurations = (
				3BBDF5EE27FBA50F0090DD54 /* Debug */,
				3BBDF5EF27FBA50F0090DD54 /* Release */,
			);
			defaultConfigurationIsVisible = 0;
			defaultConfigurationName = Release;
		};
		3BBDF5F027FBA50F0090DD54 /* Build configuration list for PBXNativeTarget "RecipeApp" */ = {
			isa = XCConfigurationList;
			buildConfigurations = (
				3BBDF5F127FBA50F0090DD54 /* Debug */,
				3BBDF5F227FBA50F0090DD54 /* Release */,
			);
			defaultConfigurationIsVisible = 0;
			defaultConfigurationName = Release;
		};
		3BBDF5F327FBA50F0090DD54 /* Build configuration list for PBXNativeTarget "RecipeAppTests" */ = {
			isa = XCConfigurationList;
			buildConfigurations = (
				3BBDF5F427FBA50F0090DD54 /* Debug */,
				3BBDF5F527FBA50F0090DD54 /* Release */,
			);
			defaultConfigurationIsVisible = 0;
			defaultConfigurationName = Release;
		};
/* End XCConfigurationList section */

/* Begin XCVersionGroup section */
		3BBDF5CF27FBA50C0090DD54 /* RecipeApp.xcdatamodeld */ = {
			isa = XCVersionGroup;
			children = (
				3BBDF5D027FBA50C0090DD54 /* RecipeApp.xcdatamodel */,
			);
			currentVersion = 3BBDF5D027FBA50C0090DD54 /* RecipeApp.xcdatamodel */;
			path = RecipeApp.xcdatamodeld;
			sourceTree = "<group>";
			versionGroupType = wrapper.xcdatamodel;
		};
/* End XCVersionGroup section */
	};
	rootObject = 3BBDF5BB27FBA50C0090DD54 /* Project object */;
}
