PODS:
  - Alamofire (5.5.0)
  - Mocker (2.5.5)
  - SDWebImage (5.12.5):
    - SDWebImage/Core (= 5.12.5)
  - SDWebImage/Core (5.12.5)
  - SwiftLint (0.45.1)

DEPENDENCIES:
  - Alamofire
  - Mocker
  - SDWebImage
  - SwiftLint

SPEC REPOS:
  trunk:
    - Alamofire
    - Mocker
    - SDWebImage
    - SwiftLint

SPEC CHECKSUMS:
  Alamofire: 1c4fb5369c3fe93d2857c780d8bbe09f06f97e7c
  Mocker: 8c731a8104962f246cadf2b02556218e9edc1390
  SDWebImage: 0905f1b7760fc8ac4198cae0036600d67478751e
  SwiftLint: 06ac37e4d38c7068e0935bb30cda95f093bec761

PODFILE CHECKSUM: f7638b5ea2d7342b9a045288f1f15515f1e3c7ce

COCOAPODS: 1.11.3
